# This file is automatically @generated by Poetry 1.8.3 and should not be changed by hand.

[[package]]
name = "online-news-classification-lib"
version = "1.1.1"
description = ""
optional = false
python-versions = "<4.0,>=3.10"
files = [
    {file = "online_news_classification_lib-1.1.1-py3-none-any.whl", hash = "sha256:249be2eb31839af6f5f742b35f5e93d5749a87db12230f888874c564c4e1bdf4"},
    {file = "online_news_classification_lib-1.1.1.tar.gz", hash = "sha256:63cc95e67784ea88e09e5a5dbb8de17f3ab7befb0b3b7f05a883700276363a7f"},
]

[metadata]
lock-version = "2.0"
python-versions = "^3.10"
content-hash = "9a35c1c0e905907ff5989d40f487640b50e35531b5b297163ff9f8f76b95a861"
